<Solution>
  <Folder Name="/src/">
    <Project Path="src/LiteNova.LitePress.AppHost/LiteNova.LitePress.AppHost.csproj" />
    <Project Path="src/LiteNova.LitePress.Application.Reactions/LiteNova.LitePress.Application.Reactions.csproj" />
    <Project Path="src/LiteNova.LitePress.Application.Read.Contracts/LiteNova.LitePress.Application.Read.Contracts.csproj" />
    <Project Path="src/LiteNova.LitePress.Application.Read/LiteNova.LitePress.Application.Read.csproj" />
    <Project Path="src/LiteNova.LitePress.Application.Write.Contracts/LiteNova.LitePress.Application.Write.Contracts.csproj" />
    <Project Path="src/LiteNova.LitePress.Application.Write/LiteNova.LitePress.Application.Write.csproj" />
    <Project Path="src/LiteNova.LitePress.Domain/LiteNova.LitePress.Domain.csproj" />
    <Project Path="src/LiteNova.LitePress.Infrastructure/LiteNova.LitePress.Infrastructure.csproj" />
    <Project Path="src/LiteNova.LitePress.WebApi/LiteNova.LitePress.WebApi.csproj" />
  </Folder>
  <Folder Name="/tests/">
    <Project Path="tests/LiteNova.LitePress.Application.Tests/LiteNova.LitePress.Application.Tests.csproj" />
    <Project Path="tests/LiteNova.LitePress.Architecture.Tests/LiteNova.LitePress.Architecture.Tests.csproj" />
    <Project Path="tests/LiteNova.LitePress.Domain.Tests/LiteNova.LitePress.Domain.Tests.csproj" />
    <Project Path="tests/LiteNova.LitePress.Integration.Tests/LiteNova.LitePress.Integration.Tests.csproj" />
  </Folder>
</Solution>
